{
  "name": "@falsejs/validation-failed-to-pass-error",
  "version": "1.0.0",
  "lockfileVersion": 3,
  "requires": true,
  "packages": {
    "": {
      "name": "@falsejs/validation-failed-to-pass-error",
      "version": "1.0.0",
      "license": "MIT",
      "dependencies": {
        "es-error-intrinsics": "^1.0.1"
      }
    },
    "node_modules/es-error-intrinsics": {
      "version": "1.0.1",
      "resolved": "https://registry.npmjs.org/es-error-intrinsics/-/es-error-intrinsics-1.0.1.tgz",
      "integrity": "sha512-yMQtDzEbMdMOz5D714wSZGg1ca9avEfQAk4dMHiYSV+gXNVqTMjQ+bFt1TJd0nHxUBz+bM280BDlADFw9VVB9w==",
      "license": "MIT"
    }
  }
}
